// !$*UTF8*$!
{
	archiveVersion = 1;
	classes = {
	};
	objectVersion = 50;
	objects = {

/* Begin PBXBuildFile section */
		720CCF6E23E35B1800A08EE0 /* AppDelegate.swift in Sources */ = {isa = PBXBuildFile; fileRef = 720CCF6D23E35B1800A08EE0 /* AppDelegate.swift */; };
		720CCF7023E35B1800A08EE0 /* SceneDelegate.swift in Sources */ = {isa = PBXBuildFile; fileRef = 720CCF6F23E35B1800A08EE0 /* SceneDelegate.swift */; };
		720CCF7223E35B1800A08EE0 /* ViewController.swift in Sources */ = {isa = PBXBuildFile; fileRef = 720CCF7123E35B1800A08EE0 /* ViewController.swift */; };
		720CCF7523E35B1800A08EE0 /* Main.storyboard in Resources */ = {isa = PBXBuildFile; fileRef = 720CCF7323E35B1800A08EE0 /* Main.storyboard */; };
		720CCF7723E35B1F00A08EE0 /* Assets.xcassets in Resources */ = {isa = PBXBuildFile; fileRef = 720CCF7623E35B1F00A08EE0 /* Assets.xcassets */; };
		720CCF7A23E35B1F00A08EE0 /* LaunchScreen.storyboard in Resources */ = {isa = PBXBuildFile; fileRef = 720CCF7823E35B1F00A08EE0 /* LaunchScreen.storyboard */; };
		720CCF8923E36C4100A08EE0 /* img5.jpg in Resources */ = {isa = PBXBuildFile; fileRef = 720CCF8423E36C4100A08EE0 /* img5.jpg */; };
		720CCF8A23E36C4100A08EE0 /* img4.jpg in Resources */ = {isa = PBXBuildFile; fileRef = 720CCF8523E36C4100A08EE0 /* img4.jpg */; };
		720CCF8B23E36C4100A08EE0 /* img3.jpg in Resources */ = {isa = PBXBuildFile; fileRef = 720CCF8623E36C4100A08EE0 /* img3.jpg */; };
		720CCF8C23E36C4100A08EE0 /* img2.jpg in Resources */ = {isa = PBXBuildFile; fileRef = 720CCF8723E36C4100A08EE0 /* img2.jpg */; };
		720CCF8D23E36C4100A08EE0 /* img1.png in Resources */ = {isa = PBXBuildFile; fileRef = 720CCF8823E36C4100A08EE0 /* img1.png */; };
/* End PBXBuildFile section */

/* Begin PBXFileReference section */
		720CCF6A23E35B1800A08EE0 /* exemploTela.app */ = {isa = PBXFileReference; explicitFileType = wrapper.application; includeInIndex = 0; path = exemploTela.app; sourceTree = BUILT_PRODUCTS_DIR; };
		720CCF6D23E35B1800A08EE0 /* AppDelegate.swift */ = {isa = PBXFileReference; lastKnownFileType = sourcecode.swift; path = AppDelegate.swift; sourceTree = "<group>"; };
		720CCF6F23E35B1800A08EE0 /* SceneDelegate.swift */ = {isa = PBXFileReference; lastKnownFileType = sourcecode.swift; path = SceneDelegate.swift; sourceTree = "<group>"; };
		720CCF7123E35B1800A08EE0 /* ViewController.swift */ = {isa = PBXFileReference; lastKnownFileType = sourcecode.swift; path = ViewController.swift; sourceTree = "<group>"; };
		720CCF7423E35B1800A08EE0 /* Base */ = {isa = PBXFileReference; lastKnownFileType = file.storyboard; name = Base; path = Base.lproj/Main.storyboard; sourceTree = "<group>"; };
		720CCF7623E35B1F00A08EE0 /* Assets.xcassets */ = {isa = PBXFileReference; lastKnownFileType = folder.assetcatalog; path = Assets.xcassets; sourceTree = "<group>"; };
		720CCF7923E35B1F00A08EE0 /* Base */ = {isa = PBXFileReference; lastKnownFileType = file.storyboard; name = Base; path = Base.lproj/LaunchScreen.storyboard; sourceTree = "<group>"; };
		720CCF7B23E35B1F00A08EE0 /* Info.plist */ = {isa = PBXFileReference; lastKnownFileType = text.plist.xml; path = Info.plist; sourceTree = "<group>"; };
		720CCF8423E36C4100A08EE0 /* img5.jpg */ = {isa = PBXFileReference; lastKnownFileType = image.jpeg; path = img5.jpg; sourceTree = "<group>"; };
		720CCF8523E36C4100A08EE0 /* img4.jpg */ = {isa = PBXFileReference; lastKnownFileType = image.jpeg; path = img4.jpg; sourceTree = "<group>"; };
		720CCF8623E36C4100A08EE0 /* img3.jpg */ = {isa = PBXFileReference; lastKnownFileType = image.jpeg; path = img3.jpg; sourceTree = "<group>"; };
		720CCF8723E36C4100A08EE0 /* img2.jpg */ = {isa = PBXFileReference; lastKnownFileType = image.jpeg; path = img2.jpg; sourceTree = "<group>"; };
		720CCF8823E36C4100A08EE0 /* img1.png */ = {isa = PBXFileReference; lastKnownFileType = image.png; path = img1.png; sourceTree = "<group>"; };
/* End PBXFileReference section */

/* Begin PBXFrameworksBuildPhase section */
		720CCF6723E35B1800A08EE0 /* Frameworks */ = {
			isa = PBXFrameworksBuildPhase;
			buildActionMask = 2147483647;
			files = (
			);
			runOnlyForDeploymentPostprocessing = 0;
		};
/* End PBXFrameworksBuildPhase section */

/* Begin PBXGroup section */
		720CCF6123E35B1800A08EE0 = {
			isa = PBXGroup;
			children = (
				720CCF6C23E35B1800A08EE0 /* exemploTela */,
				720CCF6B23E35B1800A08EE0 /* Products */,
			);
			sourceTree = "<group>";
		};
		720CCF6B23E35B1800A08EE0 /* Products */ = {
			isa = PBXGroup;
			children = (
				720CCF6A23E35B1800A08EE0 /* exemploTela.app */,
			);
			name = Products;
			sourceTree = "<group>";
		};
		720CCF6C23E35B1800A08EE0 /* exemploTela */ = {
			isa = PBXGroup;
			children = (
				720CCF8323E36C4100A08EE0 /* Assets */,
				720CCF6D23E35B1800A08EE0 /* AppDelegate.swift */,
				720CCF6F23E35B1800A08EE0 /* SceneDelegate.swift */,
				720CCF7123E35B1800A08EE0 /* ViewController.swift */,
				720CCF7323E35B1800A08EE0 /* Main.storyboard */,
				720CCF7623E35B1F00A08EE0 /* Assets.xcassets */,
				720CCF7823E35B1F00A08EE0 /* LaunchScreen.storyboard */,
				720CCF7B23E35B1F00A08EE0 /* Info.plist */,
			);
			path = exemploTela;
			sourceTree = "<group>";
		};
		720CCF8323E36C4100A08EE0 /* Assets */ = {
			isa = PBXGroup;
			children = (
				720CCF8423E36C4100A08EE0 /* img5.jpg */,
				720CCF8523E36C4100A08EE0 /* img4.jpg */,
				720CCF8623E36C4100A08EE0 /* img3.jpg */,
				720CCF8723E36C4100A08EE0 /* img2.jpg */,
				720CCF8823E36C4100A08EE0 /* img1.png */,
			);
			path = Assets;
			sourceTree = "<group>";
		};
/* End PBXGroup section */

/* Begin PBXNativeTarget section */
		720CCF6923E35B1800A08EE0 /* exemploTela */ = {
			isa = PBXNativeTarget;
			buildConfigurationList = 720CCF7E23E35B1F00A08EE0 /* Build configuration list for PBXNativeTarget "exemploTela" */;
			buildPhases = (
				720CCF6623E35B1800A08EE0 /* Sources */,
				720CCF6723E35B1800A08EE0 /* Frameworks */,
				720CCF6823E35B1800A08EE0 /* Resources */,
			);
			buildRules = (
			);
			dependencies = (
			);
			name = exemploTela;
			productName = exemploTela;
			productReference = 720CCF6A23E35B1800A08EE0 /* exemploTela.app */;
			productType = "com.apple.product-type.application";
		};
/* End PBXNativeTarget section */

/* Begin PBXProject section */
		720CCF6223E35B1800A08EE0 /* Project object */ = {
			isa = PBXProject;
			attributes = {
				LastSwiftUpdateCheck = 1130;
				LastUpgradeCheck = 1130;
				ORGANIZATIONNAME = "Guilherme Augusto da Rocha Manhani";
				TargetAttributes = {
					720CCF6923E35B1800A08EE0 = {
						CreatedOnToolsVersion = 11.3.1;
					};
				};
			};
			buildConfigurationList = 720CCF6523E35B1800A08EE0 /* Build configuration list for PBXProject "exemploTela" */;
			compatibilityVersion = "Xcode 9.3";
			developmentRegion = en;
			hasScannedForEncodings = 0;
			knownRegions = (
				en,
				Base,
			);
			mainGroup = 720CCF6123E35B1800A08EE0;
			productRefGroup = 720CCF6B23E35B1800A08EE0 /* Products */;
			projectDirPath = "";
			projectRoot = "";
			targets = (
				720CCF6923E35B1800A08EE0 /* exemploTela */,
			);
		};
/* End PBXProject section */

/* Begin PBXResourcesBuildPhase section */
		720CCF6823E35B1800A08EE0 /* Resources */ = {
			isa = PBXResourcesBuildPhase;
			buildActionMask = 2147483647;
			files = (
				720CCF7A23E35B1F00A08EE0 /* LaunchScreen.storyboard in Resources */,
				720CCF8D23E36C4100A08EE0 /* img1.png in Resources */,
				720CCF8B23E36C4100A08EE0 /* img3.jpg in Resources */,
				720CCF8A23E36C4100A08EE0 /* img4.jpg in Resources */,
				720CCF8923E36C4100A08EE0 /* img5.jpg in Resources */,
				720CCF7723E35B1F00A08EE0 /* Assets.xcassets in Resources */,
				720CCF7523E35B1800A08EE0 /* Main.storyboard in Resources */,
				720CCF8C23E36C4100A08EE0 /* img2.jpg in Resources */,
			);
			runOnlyForDeploymentPostprocessing = 0;
		};
/* End PBXResourcesBuildPhase section */

/* Begin PBXSourcesBuildPhase section */
		720CCF6623E35B1800A08EE0 /* Sources */ = {
			isa = PBXSourcesBuildPhase;
			buildActionMask = 2147483647;
			files = (
				720CCF7223E35B1800A08EE0 /* ViewController.swift in Sources */,
				720CCF6E23E35B1800A08EE0 /* AppDelegate.swift in Sources */,
				720CCF7023E35B1800A08EE0 /* SceneDelegate.swift in Sources */,
			);
			runOnlyForDeploymentPostprocessing = 0;
		};
/* End PBXSourcesBuildPhase section */

/* Begin PBXVariantGroup section */
		720CCF7323E35B1800A08EE0 /* Main.storyboard */ = {
			isa = PBXVariantGroup;
			children = (
				720CCF7423E35B1800A08EE0 /* Base */,
			);
			name = Main.storyboard;
			sourceTree = "<group>";
		};
		720CCF7823E35B1F00A08EE0 /* LaunchScreen.storyboard */ = {
			isa = PBXVariantGroup;
			children = (
				720CCF7923E35B1F00A08EE0 /* Base */,
			);
			name = LaunchScreen.storyboard;
			sourceTree = "<group>";
		};
/* End PBXVariantGroup section */

/* Begin XCBuildConfiguration section */
		720CCF7C23E35B1F00A08EE0 /* Debug */ = {
			isa = XCBuildConfiguration;
			buildSettings = {
				ALWAYS_SEARCH_USER_PATHS = NO;
				CLANG_ANALYZER_NONNULL = YES;
				CLANG_ANALYZER_NUMBER_OBJECT_CONVERSION = YES_AGGRESSIVE;
				CLANG_CXX_LANGUAGE_STANDARD = "gnu++14";
				CLANG_CXX_LIBRARY = "libc++";
				CLANG_ENABLE_MODULES = YES;
				CLANG_ENABLE_OBJC_ARC = YES;
				CLANG_ENABLE_OBJC_WEAK = YES;
				CLANG_WARN_BLOCK_CAPTURE_AUTORELEASING = YES;
				CLANG_WARN_BOOL_CONVERSION = YES;
				CLANG_WARN_COMMA = YES;
				CLANG_WARN_CONSTANT_CONVERSION = YES;
				CLANG_WARN_DEPRECATED_OBJC_IMPLEMENTATIONS = YES;
				CLANG_WARN_DIRECT_OBJC_ISA_USAGE = YES_ERROR;
				CLANG_WARN_DOCUMENTATION_COMMENTS = YES;
				CLANG_WARN_EMPTY_BODY = YES;
				CLANG_WARN_ENUM_CONVERSION = YES;
				CLANG_WARN_INFINITE_RECURSION = YES;
				CLANG_WARN_INT_CONVERSION = YES;
				CLANG_WARN_NON_LITERAL_NULL_CONVERSION = YES;
				CLANG_WARN_OBJC_IMPLICIT_RETAIN_SELF = YES;
				CLANG_WARN_OBJC_LITERAL_CONVERSION = YES;
				CLANG_WARN_OBJC_ROOT_CLASS = YES_ERROR;
				CLANG_WARN_RANGE_LOOP_ANALYSIS = YES;
				CLANG_WARN_STRICT_PROTOTYPES = YES;
				CLANG_WARN_SUSPICIOUS_MOVE = YES;
				CLANG_WARN_UNGUARDED_AVAILABILITY = YES_AGGRESSIVE;
				CLANG_WARN_UNREACHABLE_CODE = YES;
				CLANG_WARN__DUPLICATE_METHOD_MATCH = YES;
				COPY_PHASE_STRIP = NO;
				DEBUG_INFORMATION_FORMAT = dwarf;
				ENABLE_STRICT_OBJC_MSGSEND = YES;
				ENABLE_TESTABILITY = YES;
				GCC_C_LANGUAGE_STANDARD = gnu11;
				GCC_DYNAMIC_NO_PIC = NO;
				GCC_NO_COMMON_BLOCKS = YES;
				GCC_OPTIMIZATION_LEVEL = 0;
				GCC_PREPROCESSOR_DEFINITIONS = (
					"DEBUG=1",
					"$(inherited)",
				);
				GCC_WARN_64_TO_32_BIT_CONVERSION = YES;
				GCC_WARN_ABOUT_RETURN_TYPE = YES_ERROR;
				GCC_WARN_UNDECLARED_SELECTOR = YES;
				GCC_WARN_UNINITIALIZED_AUTOS = YES_AGGRESSIVE;
				GCC_WARN_UNUSED_FUNCTION = YES;
				GCC_WARN_UNUSED_VARIABLE = YES;
				IPHONEOS_DEPLOYMENT_TARGET = 13.2;
				MTL_ENABLE_DEBUG_INFO = INCLUDE_SOURCE;
				MTL_FAST_MATH = YES;
				ONLY_ACTIVE_ARCH = YES;
				SDKROOT = iphoneos;
				SWIFT_ACTIVE_COMPILATION_CONDITIONS = DEBUG;
				SWIFT_OPTIMIZATION_LEVEL = "-Onone";
			};
			name = Debug;
		};
		720CCF7D23E35B1F00A08EE0 /* Release */ = {
			isa = XCBuildConfiguration;
			buildSettings = {
				ALWAYS_SEARCH_USER_PATHS = NO;
				CLANG_ANALYZER_NONNULL = YES;
				CLANG_ANALYZER_NUMBER_OBJECT_CONVERSION = YES_AGGRESSIVE;
				CLANG_CXX_LANGUAGE_STANDARD = "gnu++14";
				CLANG_CXX_LIBRARY = "libc++";
				CLANG_ENABLE_MODULES = YES;
				CLANG_ENABLE_OBJC_ARC = YES;
				CLANG_ENABLE_OBJC_WEAK = YES;
				CLANG_WARN_BLOCK_CAPTURE_AUTORELEASING = YES;
				CLANG_WARN_BOOL_CONVERSION = YES;
				CLANG_WARN_COMMA = YES;
				CLANG_WARN_CONSTANT_CONVERSION = YES;
				CLANG_WARN_DEPRECATED_OBJC_IMPLEMENTATIONS = YES;
				CLANG_WARN_DIRECT_OBJC_ISA_USAGE = YES_ERROR;
				CLANG_WARN_DOCUMENTATION_COMMENTS = YES;
				CLANG_WARN_EMPTY_BODY = YES;
				CLANG_WARN_ENUM_CONVERSION = YES;
				CLANG_WARN_INFINITE_RECURSION = YES;
				CLANG_WARN_INT_CONVERSION = YES;
				CLANG_WARN_NON_LITERAL_NULL_CONVERSION = YES;
				CLANG_WARN_OBJC_IMPLICIT_RETAIN_SELF = YES;
				CLANG_WARN_OBJC_LITERAL_CONVERSION = YES;
				CLANG_WARN_OBJC_ROOT_CLASS = YES_ERROR;
				CLANG_WARN_RANGE_LOOP_ANALYSIS = YES;
				CLANG_WARN_STRICT_PROTOTYPES = YES;
				CLANG_WARN_SUSPICIOUS_MOVE = YES;
				CLANG_WARN_UNGUARDED_AVAILABILITY = YES_AGGRESSIVE;
				CLANG_WARN_UNREACHABLE_CODE = YES;
				CLANG_WARN__DUPLICATE_METHOD_MATCH = YES;
				COPY_PHASE_STRIP = NO;
				DEBUG_INFORMATION_FORMAT = "dwarf-with-dsym";
				ENABLE_NS_ASSERTIONS = NO;
				ENABLE_STRICT_OBJC_MSGSEND = YES;
				GCC_C_LANGUAGE_STANDARD = gnu11;
				GCC_NO_COMMON_BLOCKS = YES;
				GCC_WARN_64_TO_32_BIT_CONVERSION = YES;
				GCC_WARN_ABOUT_RETURN_TYPE = YES_ERROR;
				GCC_WARN_UNDECLARED_SELECTOR = YES;
				GCC_WARN_UNINITIALIZED_AUTOS = YES_AGGRESSIVE;
				GCC_WARN_UNUSED_FUNCTION = YES;
				GCC_WARN_UNUSED_VARIABLE = YES;
				IPHONEOS_DEPLOYMENT_TARGET = 13.2;
				MTL_ENABLE_DEBUG_INFO = NO;
				MTL_FAST_MATH = YES;
				SDKROOT = iphoneos;
				SWIFT_COMPILATION_MODE = wholemodule;
				SWIFT_OPTIMIZATION_LEVEL = "-O";
				VALIDATE_PRODUCT = YES;
			};
			name = Release;
		};
		720CCF7F23E35B1F00A08EE0 /* Debug */ = {
			isa = XCBuildConfiguration;
			buildSettings = {
				ASSETCATALOG_COMPILER_APPICON_NAME = AppIcon;
				CODE_SIGN_STYLE = Automatic;
				DEVELOPMENT_TEAM = 2D57HD8Z37;
				INFOPLIST_FILE = exemploTela/Info.plist;
				LD_RUNPATH_SEARCH_PATHS = (
					"$(inherited)",
					"@executable_path/Frameworks",
				);
				PRODUCT_BUNDLE_IDENTIFIER = br.com.alura.exemploTela;
				PRODUCT_NAME = "$(TARGET_NAME)";
				SWIFT_VERSION = 5.0;
				TARGETED_DEVICE_FAMILY = "1,2";
			};
			name = Debug;
		};
		720CCF8023E35B1F00A08EE0 /* Release */ = {
			isa = XCBuildConfiguration;
			buildSettings = {
				ASSETCATALOG_COMPILER_APPICON_NAME = AppIcon;
				CODE_SIGN_STYLE = Automatic;
				DEVELOPMENT_TEAM = 2D57HD8Z37;
				INFOPLIST_FILE = exemploTela/Info.plist;
				LD_RUNPATH_SEARCH_PATHS = (
					"$(inherited)",
					"@executable_path/Frameworks",
				);
				PRODUCT_BUNDLE_IDENTIFIER = br.com.alura.exemploTela;
				PRODUCT_NAME = "$(TARGET_NAME)";
				SWIFT_VERSION = 5.0;
				TARGETED_DEVICE_FAMILY = "1,2";
			};
			name = Release;
		};
/* End XCBuildConfiguration section */

/* Begin XCConfigurationList section */
		720CCF6523E35B1800A08EE0 /* Build configuration list for PBXProject "exemploTela" */ = {
			isa = XCConfigurationList;
			buildConfigurations = (
				720CCF7C23E35B1F00A08EE0 /* Debug */,
				720CCF7D23E35B1F00A08EE0 /* Release */,
			);
			defaultConfigurationIsVisible = 0;
			defaultConfigurationName = Release;
		};
		720CCF7E23E35B1F00A08EE0 /* Build configuration list for PBXNativeTarget "exemploTela" */ = {
			isa = XCConfigurationList;
			buildConfigurations = (
				720CCF7F23E35B1F00A08EE0 /* Debug */,
				720CCF8023E35B1F00A08EE0 /* Release */,
			);
			defaultConfigurationIsVisible = 0;
			defaultConfigurationName = Release;
		};
/* End XCConfigurationList section */
	};
	rootObject = 720CCF6223E35B1800A08EE0 /* Project object */;
}
